Microsoft Visual Studio Solution File, Format Version 11.00
# Visual Studio 2008

Project("{51790924-5D0B-B64F-E043-38A2AB8D5DCA}") = "ICS 484 Assignment 1", "Assembly-CSharp.csproj", "{158E814B-22C6-B72E-2518-86A46A6FD5AF}"
EndProject
Global
	GlobalSection(SolutionConfigurationPlatforms) = preSolution
		Debug|Any CPU = Debug|Any CPU
		Release|Any CPU = Release|Any CPU
	EndGlobalSection
	GlobalSection(ProjectConfigurationPlatforms) = postSolution
		{158E814B-22C6-B72E-2518-86A46A6FD5AF}.Debug|Any CPU.ActiveCfg = Debug|Any CPU
		{158E814B-22C6-B72E-2518-86A46A6FD5AF}.Debug|Any CPU.Build.0 = Debug|Any CPU
		{158E814B-22C6-B72E-2518-86A46A6FD5AF}.Release|Any CPU.ActiveCfg = Release|Any CPU
		{158E814B-22C6-B72E-2518-86A46A6FD5AF}.Release|Any CPU.Build.0 = Release|Any CPU
	EndGlobalSection
	GlobalSection(SolutionProperties) = preSolution
		HideSolutionNode = FALSE
	EndGlobalSection
	GlobalSection(MonoDevelopProperties) = preSolution
		StartupItem = Assembly-CSharp.csproj
	EndGlobalSection
EndGlobal
